// !$*UTF8*$!
{
	archiveVersion = 1;
	classes = {
	};
	objectVersion = 55;
	objects = {

/* Begin PBXBuildFile section */
		9675384D286DBF6A00590E51 /* MainApp.swift in Sources */ = {isa = PBXBuildFile; fileRef = 9675384C286DBF6A00590E51 /* MainApp.swift */; };
		96753851286DBF6B00590E51 /* Assets.xcassets in Resources */ = {isa = PBXBuildFile; fileRef = 96753850286DBF6B00590E51 /* Assets.xcassets */; };
		96753854286DBF6B00590E51 /* Preview Assets.xcassets in Resources */ = {isa = PBXBuildFile; fileRef = 96753853286DBF6B00590E51 /* Preview Assets.xcassets */; };
		9675385F286DBFC400590E51 /* FirstScreenView.swift in Sources */ = {isa = PBXBuildFile; fileRef = 9675385E286DBFC400590E51 /* FirstScreenView.swift */; };
		96753863286DC30E00590E51 /* SecondScreenView.swift in Sources */ = {isa = PBXBuildFile; fileRef = 96753862286DC30E00590E51 /* SecondScreenView.swift */; };
		96753865286DC39300590E51 /* ThirdScreenView.swift in Sources */ = {isa = PBXBuildFile; fileRef = 96753864286DC39300590E51 /* ThirdScreenView.swift */; };
		96753867286DC4C200590E51 /* FirstScreenFactory.swift in Sources */ = {isa = PBXBuildFile; fileRef = 96753866286DC4C200590E51 /* FirstScreenFactory.swift */; };
		96753869286DC4D600590E51 /* SecondScreenFactory.swift in Sources */ = {isa = PBXBuildFile; fileRef = 96753868286DC4D600590E51 /* SecondScreenFactory.swift */; };
		9675386B286DC4EE00590E51 /* ThirdScreenFactory.swift in Sources */ = {isa = PBXBuildFile; fileRef = 9675386A286DC4EE00590E51 /* ThirdScreenFactory.swift */; };
		96753874286DC66F00590E51 /* ColorToken.swift in Sources */ = {isa = PBXBuildFile; fileRef = 9675386E286DC66F00590E51 /* ColorToken.swift */; };
		96753875286DC66F00590E51 /* NavigationBarStyle.swift in Sources */ = {isa = PBXBuildFile; fileRef = 9675386F286DC66F00590E51 /* NavigationBarStyle.swift */; };
		96753876286DC66F00590E51 /* FontToken.swift in Sources */ = {isa = PBXBuildFile; fileRef = 96753870286DC66F00590E51 /* FontToken.swift */; };
		96753877286DC66F00590E51 /* TextStyle.swift in Sources */ = {isa = PBXBuildFile; fileRef = 96753871286DC66F00590E51 /* TextStyle.swift */; };
		96753878286DC66F00590E51 /* BackgroundEffect.swift in Sources */ = {isa = PBXBuildFile; fileRef = 96753872286DC66F00590E51 /* BackgroundEffect.swift */; };
		96753879286DC66F00590E51 /* ImageToken.swift in Sources */ = {isa = PBXBuildFile; fileRef = 96753873286DC66F00590E51 /* ImageToken.swift */; };
		96753887286DC68900590E51 /* UIColor+Utilities.swift in Sources */ = {isa = PBXBuildFile; fileRef = 9675387B286DC68900590E51 /* UIColor+Utilities.swift */; };
		96753888286DC68900590E51 /* UIImage+Utilities.swift in Sources */ = {isa = PBXBuildFile; fileRef = 9675387C286DC68900590E51 /* UIImage+Utilities.swift */; };
		9675388B286DC68900590E51 /* UIFont+FontToken.swift in Sources */ = {isa = PBXBuildFile; fileRef = 96753880286DC68900590E51 /* UIFont+FontToken.swift */; };
		9675388C286DC68900590E51 /* UIImage+ImageToken.swift in Sources */ = {isa = PBXBuildFile; fileRef = 96753881286DC68900590E51 /* UIImage+ImageToken.swift */; };
		9675388D286DC68900590E51 /* UIBlurEffect+BackgroundEffect.swift in Sources */ = {isa = PBXBuildFile; fileRef = 96753882286DC68900590E51 /* UIBlurEffect+BackgroundEffect.swift */; };
		9675388F286DC68900590E51 /* StringAttributes+TextStyle.swift in Sources */ = {isa = PBXBuildFile; fileRef = 96753884286DC68900590E51 /* StringAttributes+TextStyle.swift */; };
		96753890286DC68900590E51 /* UIColor+ColorToken.swift in Sources */ = {isa = PBXBuildFile; fileRef = 96753885286DC68900590E51 /* UIColor+ColorToken.swift */; };
		96753895286DC71A00590E51 /* UINavigationBarAppearance+NavigationBarStyle.swift in Sources */ = {isa = PBXBuildFile; fileRef = 96753894286DC71A00590E51 /* UINavigationBarAppearance+NavigationBarStyle.swift */; };
		96753899286DCB4A00590E51 /* NavigationItem.swift in Sources */ = {isa = PBXBuildFile; fileRef = 96753898286DCB4A00590E51 /* NavigationItem.swift */; };
		9675389B286DCB9600590E51 /* NSObject+Utilities.swift in Sources */ = {isa = PBXBuildFile; fileRef = 9675389A286DCB9600590E51 /* NSObject+Utilities.swift */; };
		9675389D286DCBC500590E51 /* UINavigationBar+Customisation.swift in Sources */ = {isa = PBXBuildFile; fileRef = 9675389C286DCBC500590E51 /* UINavigationBar+Customisation.swift */; };
/* End PBXBuildFile section */

/* Begin PBXFileReference section */
		96753849286DBF6A00590E51 /* swift-ui.app */ = {isa = PBXFileReference; explicitFileType = wrapper.application; includeInIndex = 0; path = "swift-ui.app"; sourceTree = BUILT_PRODUCTS_DIR; };
		9675384C286DBF6A00590E51 /* MainApp.swift */ = {isa = PBXFileReference; lastKnownFileType = sourcecode.swift; path = MainApp.swift; sourceTree = "<group>"; };
		96753850286DBF6B00590E51 /* Assets.xcassets */ = {isa = PBXFileReference; lastKnownFileType = folder.assetcatalog; path = Assets.xcassets; sourceTree = "<group>"; };
		96753853286DBF6B00590E51 /* Preview Assets.xcassets */ = {isa = PBXFileReference; lastKnownFileType = folder.assetcatalog; path = "Preview Assets.xcassets"; sourceTree = "<group>"; };
		9675385E286DBFC400590E51 /* FirstScreenView.swift */ = {isa = PBXFileReference; lastKnownFileType = sourcecode.swift; path = FirstScreenView.swift; sourceTree = "<group>"; };
		96753862286DC30E00590E51 /* SecondScreenView.swift */ = {isa = PBXFileReference; lastKnownFileType = sourcecode.swift; path = SecondScreenView.swift; sourceTree = "<group>"; };
		96753864286DC39300590E51 /* ThirdScreenView.swift */ = {isa = PBXFileReference; lastKnownFileType = sourcecode.swift; path = ThirdScreenView.swift; sourceTree = "<group>"; };
		96753866286DC4C200590E51 /* FirstScreenFactory.swift */ = {isa = PBXFileReference; lastKnownFileType = sourcecode.swift; path = FirstScreenFactory.swift; sourceTree = "<group>"; };
		96753868286DC4D600590E51 /* SecondScreenFactory.swift */ = {isa = PBXFileReference; lastKnownFileType = sourcecode.swift; path = SecondScreenFactory.swift; sourceTree = "<group>"; };
		9675386A286DC4EE00590E51 /* ThirdScreenFactory.swift */ = {isa = PBXFileReference; lastKnownFileType = sourcecode.swift; path = ThirdScreenFactory.swift; sourceTree = "<group>"; };
		9675386E286DC66F00590E51 /* ColorToken.swift */ = {isa = PBXFileReference; fileEncoding = 4; lastKnownFileType = sourcecode.swift; path = ColorToken.swift; sourceTree = "<group>"; };
		9675386F286DC66F00590E51 /* NavigationBarStyle.swift */ = {isa = PBXFileReference; fileEncoding = 4; lastKnownFileType = sourcecode.swift; path = NavigationBarStyle.swift; sourceTree = "<group>"; };
		96753870286DC66F00590E51 /* FontToken.swift */ = {isa = PBXFileReference; fileEncoding = 4; lastKnownFileType = sourcecode.swift; path = FontToken.swift; sourceTree = "<group>"; };
		96753871286DC66F00590E51 /* TextStyle.swift */ = {isa = PBXFileReference; fileEncoding = 4; lastKnownFileType = sourcecode.swift; path = TextStyle.swift; sourceTree = "<group>"; };
		96753872286DC66F00590E51 /* BackgroundEffect.swift */ = {isa = PBXFileReference; fileEncoding = 4; lastKnownFileType = sourcecode.swift; path = BackgroundEffect.swift; sourceTree = "<group>"; };
		96753873286DC66F00590E51 /* ImageToken.swift */ = {isa = PBXFileReference; fileEncoding = 4; lastKnownFileType = sourcecode.swift; path = ImageToken.swift; sourceTree = "<group>"; };
		9675387B286DC68900590E51 /* UIColor+Utilities.swift */ = {isa = PBXFileReference; fileEncoding = 4; lastKnownFileType = sourcecode.swift; path = "UIColor+Utilities.swift"; sourceTree = "<group>"; };
		9675387C286DC68900590E51 /* UIImage+Utilities.swift */ = {isa = PBXFileReference; fileEncoding = 4; lastKnownFileType = sourcecode.swift; path = "UIImage+Utilities.swift"; sourceTree = "<group>"; };
		96753880286DC68900590E51 /* UIFont+FontToken.swift */ = {isa = PBXFileReference; fileEncoding = 4; lastKnownFileType = sourcecode.swift; path = "UIFont+FontToken.swift"; sourceTree = "<group>"; };
		96753881286DC68900590E51 /* UIImage+ImageToken.swift */ = {isa = PBXFileReference; fileEncoding = 4; lastKnownFileType = sourcecode.swift; path = "UIImage+ImageToken.swift"; sourceTree = "<group>"; };
		96753882286DC68900590E51 /* UIBlurEffect+BackgroundEffect.swift */ = {isa = PBXFileReference; fileEncoding = 4; lastKnownFileType = sourcecode.swift; path = "UIBlurEffect+BackgroundEffect.swift"; sourceTree = "<group>"; };
		96753884286DC68900590E51 /* StringAttributes+TextStyle.swift */ = {isa = PBXFileReference; fileEncoding = 4; lastKnownFileType = sourcecode.swift; path = "StringAttributes+TextStyle.swift"; sourceTree = "<group>"; };
		96753885286DC68900590E51 /* UIColor+ColorToken.swift */ = {isa = PBXFileReference; fileEncoding = 4; lastKnownFileType = sourcecode.swift; path = "UIColor+ColorToken.swift"; sourceTree = "<group>"; };
		96753894286DC71A00590E51 /* UINavigationBarAppearance+NavigationBarStyle.swift */ = {isa = PBXFileReference; fileEncoding = 4; lastKnownFileType = sourcecode.swift; path = "UINavigationBarAppearance+NavigationBarStyle.swift"; sourceTree = "<group>"; };
		96753898286DCB4A00590E51 /* NavigationItem.swift */ = {isa = PBXFileReference; fileEncoding = 4; lastKnownFileType = sourcecode.swift; name = NavigationItem.swift; path = "swift-ui/Common/Styling/NavigationItem.swift"; sourceTree = SOURCE_ROOT; };
		9675389A286DCB9600590E51 /* NSObject+Utilities.swift */ = {isa = PBXFileReference; lastKnownFileType = sourcecode.swift; name = "NSObject+Utilities.swift"; path = "swift-ui/Common/Utilities/NSObject+Utilities.swift"; sourceTree = SOURCE_ROOT; };
		9675389C286DCBC500590E51 /* UINavigationBar+Customisation.swift */ = {isa = PBXFileReference; fileEncoding = 4; lastKnownFileType = sourcecode.swift; name = "UINavigationBar+Customisation.swift"; path = "swift-ui/Common/Utilities/Styling/UINavigationBar+Customisation.swift"; sourceTree = SOURCE_ROOT; };
/* End PBXFileReference section */

/* Begin PBXFrameworksBuildPhase section */
		96753846286DBF6A00590E51 /* Frameworks */ = {
			isa = PBXFrameworksBuildPhase;
			buildActionMask = 2147483647;
			files = (
			);
			runOnlyForDeploymentPostprocessing = 0;
		};
/* End PBXFrameworksBuildPhase section */

/* Begin PBXGroup section */
		96753840286DBF6A00590E51 = {
			isa = PBXGroup;
			children = (
				9675384B286DBF6A00590E51 /* swift-ui */,
				9675384A286DBF6A00590E51 /* Products */,
			);
			sourceTree = "<group>";
		};
		9675384A286DBF6A00590E51 /* Products */ = {
			isa = PBXGroup;
			children = (
				96753849286DBF6A00590E51 /* swift-ui.app */,
			);
			name = Products;
			sourceTree = "<group>";
		};
		9675384B286DBF6A00590E51 /* swift-ui */ = {
			isa = PBXGroup;
			children = (
				9675386C286DC58000590E51 /* Common */,
				9675385B286DBF8D00590E51 /* App */,
				96753852286DBF6B00590E51 /* Preview Content */,
				9675385A286DBF8500590E51 /* Resources */,
				9675385C286DBFB000590E51 /* Screens */,
			);
			path = "swift-ui";
			sourceTree = "<group>";
		};
		96753852286DBF6B00590E51 /* Preview Content */ = {
			isa = PBXGroup;
			children = (
				96753853286DBF6B00590E51 /* Preview Assets.xcassets */,
			);
			path = "Preview Content";
			sourceTree = "<group>";
		};
		9675385A286DBF8500590E51 /* Resources */ = {
			isa = PBXGroup;
			children = (
				96753850286DBF6B00590E51 /* Assets.xcassets */,
			);
			path = Resources;
			sourceTree = "<group>";
		};
		9675385B286DBF8D00590E51 /* App */ = {
			isa = PBXGroup;
			children = (
				9675384C286DBF6A00590E51 /* MainApp.swift */,
			);
			path = App;
			sourceTree = "<group>";
		};
		9675385C286DBFB000590E51 /* Screens */ = {
			isa = PBXGroup;
			children = (
				9675385D286DBFB400590E51 /* First */,
				96753860286DC1D000590E51 /* Second */,
				96753861286DC1D500590E51 /* Third */,
			);
			path = Screens;
			sourceTree = "<group>";
		};
		9675385D286DBFB400590E51 /* First */ = {
			isa = PBXGroup;
			children = (
				96753866286DC4C200590E51 /* FirstScreenFactory.swift */,
				9675385E286DBFC400590E51 /* FirstScreenView.swift */,
			);
			path = First;
			sourceTree = "<group>";
		};
		96753860286DC1D000590E51 /* Second */ = {
			isa = PBXGroup;
			children = (
				96753868286DC4D600590E51 /* SecondScreenFactory.swift */,
				96753862286DC30E00590E51 /* SecondScreenView.swift */,
			);
			path = Second;
			sourceTree = "<group>";
		};
		96753861286DC1D500590E51 /* Third */ = {
			isa = PBXGroup;
			children = (
				9675386A286DC4EE00590E51 /* ThirdScreenFactory.swift */,
				96753864286DC39300590E51 /* ThirdScreenView.swift */,
			);
			path = Third;
			sourceTree = "<group>";
		};
		9675386C286DC58000590E51 /* Common */ = {
			isa = PBXGroup;
			children = (
				9675386D286DC66F00590E51 /* Styling */,
				9675387A286DC68900590E51 /* Utilities */,
			);
			path = Common;
			sourceTree = "<group>";
		};
		9675386D286DC66F00590E51 /* Styling */ = {
			isa = PBXGroup;
			children = (
				96753872286DC66F00590E51 /* BackgroundEffect.swift */,
				9675386E286DC66F00590E51 /* ColorToken.swift */,
				96753870286DC66F00590E51 /* FontToken.swift */,
				96753873286DC66F00590E51 /* ImageToken.swift */,
				9675386F286DC66F00590E51 /* NavigationBarStyle.swift */,
				96753898286DCB4A00590E51 /* NavigationItem.swift */,
				96753871286DC66F00590E51 /* TextStyle.swift */,
			);
			name = Styling;
			path = ../../../Common/Styling;
			sourceTree = "<group>";
		};
		9675387A286DC68900590E51 /* Utilities */ = {
			isa = PBXGroup;
			children = (
				9675389A286DCB9600590E51 /* NSObject+Utilities.swift */,
				9675387B286DC68900590E51 /* UIColor+Utilities.swift */,
				9675387C286DC68900590E51 /* UIImage+Utilities.swift */,
				9675387F286DC68900590E51 /* Styling */,
			);
			name = Utilities;
			path = "../../../UIKit/ui-kit/Common/Utilities";
			sourceTree = "<group>";
		};
		9675387F286DC68900590E51 /* Styling */ = {
			isa = PBXGroup;
			children = (
				96753884286DC68900590E51 /* StringAttributes+TextStyle.swift */,
				96753882286DC68900590E51 /* UIBlurEffect+BackgroundEffect.swift */,
				96753885286DC68900590E51 /* UIColor+ColorToken.swift */,
				96753880286DC68900590E51 /* UIFont+FontToken.swift */,
				96753881286DC68900590E51 /* UIImage+ImageToken.swift */,
				9675389C286DCBC500590E51 /* UINavigationBar+Customisation.swift */,
				96753894286DC71A00590E51 /* UINavigationBarAppearance+NavigationBarStyle.swift */,
			);
			path = Styling;
			sourceTree = "<group>";
		};
/* End PBXGroup section */

/* Begin PBXNativeTarget section */
		96753848286DBF6A00590E51 /* swift-ui */ = {
			isa = PBXNativeTarget;
			buildConfigurationList = 96753857286DBF6B00590E51 /* Build configuration list for PBXNativeTarget "swift-ui" */;
			buildPhases = (
				96753845286DBF6A00590E51 /* Sources */,
				96753846286DBF6A00590E51 /* Frameworks */,
				96753847286DBF6A00590E51 /* Resources */,
			);
			buildRules = (
			);
			dependencies = (
			);
			name = "swift-ui";
			productName = "swift-ui";
			productReference = 96753849286DBF6A00590E51 /* swift-ui.app */;
			productType = "com.apple.product-type.application";
		};
/* End PBXNativeTarget section */

/* Begin PBXProject section */
		96753841286DBF6A00590E51 /* Project object */ = {
			isa = PBXProject;
			attributes = {
				BuildIndependentTargetsInParallel = 1;
				LastSwiftUpdateCheck = 1340;
				LastUpgradeCheck = 1340;
				TargetAttributes = {
					96753848286DBF6A00590E51 = {
						CreatedOnToolsVersion = 13.4.1;
					};
				};
			};
			buildConfigurationList = 96753844286DBF6A00590E51 /* Build configuration list for PBXProject "swift-ui" */;
			compatibilityVersion = "Xcode 13.0";
			developmentRegion = en;
			hasScannedForEncodings = 0;
			knownRegions = (
				en,
				Base,
			);
			mainGroup = 96753840286DBF6A00590E51;
			productRefGroup = 9675384A286DBF6A00590E51 /* Products */;
			projectDirPath = "";
			projectRoot = "";
			targets = (
				96753848286DBF6A00590E51 /* swift-ui */,
			);
		};
/* End PBXProject section */

/* Begin PBXResourcesBuildPhase section */
		96753847286DBF6A00590E51 /* Resources */ = {
			isa = PBXResourcesBuildPhase;
			buildActionMask = 2147483647;
			files = (
				96753854286DBF6B00590E51 /* Preview Assets.xcassets in Resources */,
				96753851286DBF6B00590E51 /* Assets.xcassets in Resources */,
			);
			runOnlyForDeploymentPostprocessing = 0;
		};
/* End PBXResourcesBuildPhase section */

/* Begin PBXSourcesBuildPhase section */
		96753845286DBF6A00590E51 /* Sources */ = {
			isa = PBXSourcesBuildPhase;
			buildActionMask = 2147483647;
			files = (
				9675388F286DC68900590E51 /* StringAttributes+TextStyle.swift in Sources */,
				9675388C286DC68900590E51 /* UIImage+ImageToken.swift in Sources */,
				9675389B286DCB9600590E51 /* NSObject+Utilities.swift in Sources */,
				96753867286DC4C200590E51 /* FirstScreenFactory.swift in Sources */,
				96753895286DC71A00590E51 /* UINavigationBarAppearance+NavigationBarStyle.swift in Sources */,
				96753877286DC66F00590E51 /* TextStyle.swift in Sources */,
				96753875286DC66F00590E51 /* NavigationBarStyle.swift in Sources */,
				9675386B286DC4EE00590E51 /* ThirdScreenFactory.swift in Sources */,
				96753887286DC68900590E51 /* UIColor+Utilities.swift in Sources */,
				9675388B286DC68900590E51 /* UIFont+FontToken.swift in Sources */,
				96753863286DC30E00590E51 /* SecondScreenView.swift in Sources */,
				96753876286DC66F00590E51 /* FontToken.swift in Sources */,
				96753878286DC66F00590E51 /* BackgroundEffect.swift in Sources */,
				96753888286DC68900590E51 /* UIImage+Utilities.swift in Sources */,
				96753874286DC66F00590E51 /* ColorToken.swift in Sources */,
				96753899286DCB4A00590E51 /* NavigationItem.swift in Sources */,
				96753879286DC66F00590E51 /* ImageToken.swift in Sources */,
				9675385F286DBFC400590E51 /* FirstScreenView.swift in Sources */,
				96753865286DC39300590E51 /* ThirdScreenView.swift in Sources */,
				96753869286DC4D600590E51 /* SecondScreenFactory.swift in Sources */,
				96753890286DC68900590E51 /* UIColor+ColorToken.swift in Sources */,
				9675388D286DC68900590E51 /* UIBlurEffect+BackgroundEffect.swift in Sources */,
				9675389D286DCBC500590E51 /* UINavigationBar+Customisation.swift in Sources */,
				9675384D286DBF6A00590E51 /* MainApp.swift in Sources */,
			);
			runOnlyForDeploymentPostprocessing = 0;
		};
/* End PBXSourcesBuildPhase section */

/* Begin XCBuildConfiguration section */
		96753855286DBF6B00590E51 /* Debug */ = {
			isa = XCBuildConfiguration;
			buildSettings = {
				ALWAYS_SEARCH_USER_PATHS = NO;
				CLANG_ANALYZER_NONNULL = YES;
				CLANG_ANALYZER_NUMBER_OBJECT_CONVERSION = YES_AGGRESSIVE;
				CLANG_CXX_LANGUAGE_STANDARD = "gnu++17";
				CLANG_ENABLE_MODULES = YES;
				CLANG_ENABLE_OBJC_ARC = YES;
				CLANG_ENABLE_OBJC_WEAK = YES;
				CLANG_WARN_BLOCK_CAPTURE_AUTORELEASING = YES;
				CLANG_WARN_BOOL_CONVERSION = YES;
				CLANG_WARN_COMMA = YES;
				CLANG_WARN_CONSTANT_CONVERSION = YES;
				CLANG_WARN_DEPRECATED_OBJC_IMPLEMENTATIONS = YES;
				CLANG_WARN_DIRECT_OBJC_ISA_USAGE = YES_ERROR;
				CLANG_WARN_DOCUMENTATION_COMMENTS = YES;
				CLANG_WARN_EMPTY_BODY = YES;
				CLANG_WARN_ENUM_CONVERSION = YES;
				CLANG_WARN_INFINITE_RECURSION = YES;
				CLANG_WARN_INT_CONVERSION = YES;
				CLANG_WARN_NON_LITERAL_NULL_CONVERSION = YES;
				CLANG_WARN_OBJC_IMPLICIT_RETAIN_SELF = YES;
				CLANG_WARN_OBJC_LITERAL_CONVERSION = YES;
				CLANG_WARN_OBJC_ROOT_CLASS = YES_ERROR;
				CLANG_WARN_QUOTED_INCLUDE_IN_FRAMEWORK_HEADER = YES;
				CLANG_WARN_RANGE_LOOP_ANALYSIS = YES;
				CLANG_WARN_STRICT_PROTOTYPES = YES;
				CLANG_WARN_SUSPICIOUS_MOVE = YES;
				CLANG_WARN_UNGUARDED_AVAILABILITY = YES_AGGRESSIVE;
				CLANG_WARN_UNREACHABLE_CODE = YES;
				CLANG_WARN__DUPLICATE_METHOD_MATCH = YES;
				COPY_PHASE_STRIP = NO;
				DEBUG_INFORMATION_FORMAT = dwarf;
				ENABLE_STRICT_OBJC_MSGSEND = YES;
				ENABLE_TESTABILITY = YES;
				GCC_C_LANGUAGE_STANDARD = gnu11;
				GCC_DYNAMIC_NO_PIC = NO;
				GCC_NO_COMMON_BLOCKS = YES;
				GCC_OPTIMIZATION_LEVEL = 0;
				GCC_PREPROCESSOR_DEFINITIONS = (
					"DEBUG=1",
					"$(inherited)",
				);
				GCC_WARN_64_TO_32_BIT_CONVERSION = YES;
				GCC_WARN_ABOUT_RETURN_TYPE = YES_ERROR;
				GCC_WARN_UNDECLARED_SELECTOR = YES;
				GCC_WARN_UNINITIALIZED_AUTOS = YES_AGGRESSIVE;
				GCC_WARN_UNUSED_FUNCTION = YES;
				GCC_WARN_UNUSED_VARIABLE = YES;
				IPHONEOS_DEPLOYMENT_TARGET = 14.0;
				MTL_ENABLE_DEBUG_INFO = INCLUDE_SOURCE;
				MTL_FAST_MATH = YES;
				ONLY_ACTIVE_ARCH = YES;
				SDKROOT = iphoneos;
				SWIFT_ACTIVE_COMPILATION_CONDITIONS = DEBUG;
				SWIFT_OPTIMIZATION_LEVEL = "-Onone";
			};
			name = Debug;
		};
		96753856286DBF6B00590E51 /* Release */ = {
			isa = XCBuildConfiguration;
			buildSettings = {
				ALWAYS_SEARCH_USER_PATHS = NO;
				CLANG_ANALYZER_NONNULL = YES;
				CLANG_ANALYZER_NUMBER_OBJECT_CONVERSION = YES_AGGRESSIVE;
				CLANG_CXX_LANGUAGE_STANDARD = "gnu++17";
				CLANG_ENABLE_MODULES = YES;
				CLANG_ENABLE_OBJC_ARC = YES;
				CLANG_ENABLE_OBJC_WEAK = YES;
				CLANG_WARN_BLOCK_CAPTURE_AUTORELEASING = YES;
				CLANG_WARN_BOOL_CONVERSION = YES;
				CLANG_WARN_COMMA = YES;
				CLANG_WARN_CONSTANT_CONVERSION = YES;
				CLANG_WARN_DEPRECATED_OBJC_IMPLEMENTATIONS = YES;
				CLANG_WARN_DIRECT_OBJC_ISA_USAGE = YES_ERROR;
				CLANG_WARN_DOCUMENTATION_COMMENTS = YES;
				CLANG_WARN_EMPTY_BODY = YES;
				CLANG_WARN_ENUM_CONVERSION = YES;
				CLANG_WARN_INFINITE_RECURSION = YES;
				CLANG_WARN_INT_CONVERSION = YES;
				CLANG_WARN_NON_LITERAL_NULL_CONVERSION = YES;
				CLANG_WARN_OBJC_IMPLICIT_RETAIN_SELF = YES;
				CLANG_WARN_OBJC_LITERAL_CONVERSION = YES;
				CLANG_WARN_OBJC_ROOT_CLASS = YES_ERROR;
				CLANG_WARN_QUOTED_INCLUDE_IN_FRAMEWORK_HEADER = YES;
				CLANG_WARN_RANGE_LOOP_ANALYSIS = YES;
				CLANG_WARN_STRICT_PROTOTYPES = YES;
				CLANG_WARN_SUSPICIOUS_MOVE = YES;
				CLANG_WARN_UNGUARDED_AVAILABILITY = YES_AGGRESSIVE;
				CLANG_WARN_UNREACHABLE_CODE = YES;
				CLANG_WARN__DUPLICATE_METHOD_MATCH = YES;
				COPY_PHASE_STRIP = NO;
				DEBUG_INFORMATION_FORMAT = "dwarf-with-dsym";
				ENABLE_NS_ASSERTIONS = NO;
				ENABLE_STRICT_OBJC_MSGSEND = YES;
				GCC_C_LANGUAGE_STANDARD = gnu11;
				GCC_NO_COMMON_BLOCKS = YES;
				GCC_WARN_64_TO_32_BIT_CONVERSION = YES;
				GCC_WARN_ABOUT_RETURN_TYPE = YES_ERROR;
				GCC_WARN_UNDECLARED_SELECTOR = YES;
				GCC_WARN_UNINITIALIZED_AUTOS = YES_AGGRESSIVE;
				GCC_WARN_UNUSED_FUNCTION = YES;
				GCC_WARN_UNUSED_VARIABLE = YES;
				IPHONEOS_DEPLOYMENT_TARGET = 14.0;
				MTL_ENABLE_DEBUG_INFO = NO;
				MTL_FAST_MATH = YES;
				SDKROOT = iphoneos;
				SWIFT_COMPILATION_MODE = wholemodule;
				SWIFT_OPTIMIZATION_LEVEL = "-O";
				VALIDATE_PRODUCT = YES;
			};
			name = Release;
		};
		96753858286DBF6B00590E51 /* Debug */ = {
			isa = XCBuildConfiguration;
			buildSettings = {
				ASSETCATALOG_COMPILER_APPICON_NAME = AppIcon;
				ASSETCATALOG_COMPILER_GLOBAL_ACCENT_COLOR_NAME = AccentColor;
				CODE_SIGN_STYLE = Manual;
				CURRENT_PROJECT_VERSION = 1;
				DEVELOPMENT_ASSET_PATHS = "\"swift-ui/Preview Content\"";
				DEVELOPMENT_TEAM = "";
				ENABLE_PREVIEWS = YES;
				GENERATE_INFOPLIST_FILE = YES;
				INFOPLIST_KEY_UIApplicationSceneManifest_Generation = YES;
				INFOPLIST_KEY_UIApplicationSupportsIndirectInputEvents = YES;
				INFOPLIST_KEY_UILaunchScreen_Generation = YES;
				INFOPLIST_KEY_UISupportedInterfaceOrientations_iPad = "UIInterfaceOrientationPortrait UIInterfaceOrientationPortraitUpsideDown UIInterfaceOrientationLandscapeLeft UIInterfaceOrientationLandscapeRight";
				INFOPLIST_KEY_UISupportedInterfaceOrientations_iPhone = "UIInterfaceOrientationPortrait UIInterfaceOrientationLandscapeLeft UIInterfaceOrientationLandscapeRight";
				IPHONEOS_DEPLOYMENT_TARGET = 14.0;
				LD_RUNPATH_SEARCH_PATHS = (
					"$(inherited)",
					"@executable_path/Frameworks",
				);
				MARKETING_VERSION = 1.0;
				PRODUCT_BUNDLE_IDENTIFIER = "com.experiments.swift-ui-navigation-bar";
				PRODUCT_NAME = "$(TARGET_NAME)";
				PROVISIONING_PROFILE_SPECIFIER = "";
				SWIFT_EMIT_LOC_STRINGS = YES;
				SWIFT_VERSION = 5.0;
				TARGETED_DEVICE_FAMILY = "1,2";
			};
			name = Debug;
		};
		96753859286DBF6B00590E51 /* Release */ = {
			isa = XCBuildConfiguration;
			buildSettings = {
				ASSETCATALOG_COMPILER_APPICON_NAME = AppIcon;
				ASSETCATALOG_COMPILER_GLOBAL_ACCENT_COLOR_NAME = AccentColor;
				CODE_SIGN_STYLE = Manual;
				CURRENT_PROJECT_VERSION = 1;
				DEVELOPMENT_ASSET_PATHS = "\"swift-ui/Preview Content\"";
				DEVELOPMENT_TEAM = "";
				ENABLE_PREVIEWS = YES;
				GENERATE_INFOPLIST_FILE = YES;
				INFOPLIST_KEY_UIApplicationSceneManifest_Generation = YES;
				INFOPLIST_KEY_UIApplicationSupportsIndirectInputEvents = YES;
				INFOPLIST_KEY_UILaunchScreen_Generation = YES;
				INFOPLIST_KEY_UISupportedInterfaceOrientations_iPad = "UIInterfaceOrientationPortrait UIInterfaceOrientationPortraitUpsideDown UIInterfaceOrientationLandscapeLeft UIInterfaceOrientationLandscapeRight";
				INFOPLIST_KEY_UISupportedInterfaceOrientations_iPhone = "UIInterfaceOrientationPortrait UIInterfaceOrientationLandscapeLeft UIInterfaceOrientationLandscapeRight";
				IPHONEOS_DEPLOYMENT_TARGET = 14.0;
				LD_RUNPATH_SEARCH_PATHS = (
					"$(inherited)",
					"@executable_path/Frameworks",
				);
				MARKETING_VERSION = 1.0;
				PRODUCT_BUNDLE_IDENTIFIER = "com.experiments.swift-ui-navigation-bar";
				PRODUCT_NAME = "$(TARGET_NAME)";
				PROVISIONING_PROFILE_SPECIFIER = "";
				SWIFT_EMIT_LOC_STRINGS = YES;
				SWIFT_VERSION = 5.0;
				TARGETED_DEVICE_FAMILY = "1,2";
			};
			name = Release;
		};
/* End XCBuildConfiguration section */

/* Begin XCConfigurationList section */
		96753844286DBF6A00590E51 /* Build configuration list for PBXProject "swift-ui" */ = {
			isa = XCConfigurationList;
			buildConfigurations = (
				96753855286DBF6B00590E51 /* Debug */,
				96753856286DBF6B00590E51 /* Release */,
			);
			defaultConfigurationIsVisible = 0;
			defaultConfigurationName = Release;
		};
		96753857286DBF6B00590E51 /* Build configuration list for PBXNativeTarget "swift-ui" */ = {
			isa = XCConfigurationList;
			buildConfigurations = (
				96753858286DBF6B00590E51 /* Debug */,
				96753859286DBF6B00590E51 /* Release */,
			);
			defaultConfigurationIsVisible = 0;
			defaultConfigurationName = Release;
		};
/* End XCConfigurationList section */
	};
	rootObject = 96753841286DBF6A00590E51 /* Project object */;
}
